
Microsoft Visual Studio Solution File, Format Version 12.00
# Visual Studio Version 16
VisualStudioVersion = 16.0.30225.117
MinimumVisualStudioVersion = 10.0.40219.1
Project("{9A19103F-16F7-4668-BE54-9A1E7A4F7556}") = "Logic", "Logic\Logic.csproj", "{186379AB-FF44-482D-9160-874B82679E25}"
EndProject
Project("{9A19103F-16F7-4668-BE54-9A1E7A4F7556}") = "Daedalus", "Daedalus\Daedalus.csproj", "{70BB12A4-B9DE-4029-8B1F-E6E34120D9E7}"
EndProject
Project("{9A19103F-16F7-4668-BE54-9A1E7A4F7556}") = "UtilConsole", "UtilConsole\UtilConsole.csproj", "{8288D8FD-1EC9-4C93-86D1-C9B9CA71D0EA}"
EndProject
Project("{2150E333-8FDC-42A3-9474-1A3956D46DE8}") = "ML", "ML", "{A39D1EA5-7AEF-488D-BA4B-85F4DB2F0810}"
EndProject
Project("{2150E333-8FDC-42A3-9474-1A3956D46DE8}") = "Tests", "Tests", "{421CC4A7-0741-4358-B603-DB241529A006}"
	ProjectSection(SolutionItems) = preProject
		..\..\..\OneDrive\Documents\sad.xlsx = ..\..\..\OneDrive\Documents\sad.xlsx
	EndProjectSection
EndProject
Project("{9A19103F-16F7-4668-BE54-9A1E7A4F7556}") = "Logic.Tests", "Logic.Tests\Logic.Tests.csproj", "{2AC3E90C-A162-4DB6-AF06-7208C5EF1351}"
EndProject
Project("{9A19103F-16F7-4668-BE54-9A1E7A4F7556}") = "Icarus", "Icarus\Icarus.csproj", "{2BBB70BC-C423-4E82-A71E-45E1BE4CE217}"
EndProject
Global
	GlobalSection(SolutionConfigurationPlatforms) = preSolution
		Debug|Any CPU = Debug|Any CPU
		Debug|x64 = Debug|x64
		Debug|x86 = Debug|x86
		Release|Any CPU = Release|Any CPU
		Release|x64 = Release|x64
		Release|x86 = Release|x86
	EndGlobalSection
	GlobalSection(ProjectConfigurationPlatforms) = postSolution
		{186379AB-FF44-482D-9160-874B82679E25}.Debug|Any CPU.ActiveCfg = Debug|Any CPU
		{186379AB-FF44-482D-9160-874B82679E25}.Debug|Any CPU.Build.0 = Debug|Any CPU
		{186379AB-FF44-482D-9160-874B82679E25}.Debug|x64.ActiveCfg = Debug|Any CPU
		{186379AB-FF44-482D-9160-874B82679E25}.Debug|x64.Build.0 = Debug|Any CPU
		{186379AB-FF44-482D-9160-874B82679E25}.Debug|x86.ActiveCfg = Debug|Any CPU
		{186379AB-FF44-482D-9160-874B82679E25}.Debug|x86.Build.0 = Debug|Any CPU
		{186379AB-FF44-482D-9160-874B82679E25}.Release|Any CPU.ActiveCfg = Release|Any CPU
		{186379AB-FF44-482D-9160-874B82679E25}.Release|Any CPU.Build.0 = Release|Any CPU
		{186379AB-FF44-482D-9160-874B82679E25}.Release|x64.ActiveCfg = Release|Any CPU
		{186379AB-FF44-482D-9160-874B82679E25}.Release|x64.Build.0 = Release|Any CPU
		{186379AB-FF44-482D-9160-874B82679E25}.Release|x86.ActiveCfg = Release|Any CPU
		{186379AB-FF44-482D-9160-874B82679E25}.Release|x86.Build.0 = Release|Any CPU
		{70BB12A4-B9DE-4029-8B1F-E6E34120D9E7}.Debug|Any CPU.ActiveCfg = Debug|Any CPU
		{70BB12A4-B9DE-4029-8B1F-E6E34120D9E7}.Debug|Any CPU.Build.0 = Debug|Any CPU
		{70BB12A4-B9DE-4029-8B1F-E6E34120D9E7}.Debug|x64.ActiveCfg = Debug|Any CPU
		{70BB12A4-B9DE-4029-8B1F-E6E34120D9E7}.Debug|x64.Build.0 = Debug|Any CPU
		{70BB12A4-B9DE-4029-8B1F-E6E34120D9E7}.Debug|x86.ActiveCfg = Debug|Any CPU
		{70BB12A4-B9DE-4029-8B1F-E6E34120D9E7}.Debug|x86.Build.0 = Debug|Any CPU
		{70BB12A4-B9DE-4029-8B1F-E6E34120D9E7}.Release|Any CPU.ActiveCfg = Release|Any CPU
		{70BB12A4-B9DE-4029-8B1F-E6E34120D9E7}.Release|Any CPU.Build.0 = Release|Any CPU
		{70BB12A4-B9DE-4029-8B1F-E6E34120D9E7}.Release|x64.ActiveCfg = Release|Any CPU
		{70BB12A4-B9DE-4029-8B1F-E6E34120D9E7}.Release|x64.Build.0 = Release|Any CPU
		{70BB12A4-B9DE-4029-8B1F-E6E34120D9E7}.Release|x86.ActiveCfg = Release|Any CPU
		{70BB12A4-B9DE-4029-8B1F-E6E34120D9E7}.Release|x86.Build.0 = Release|Any CPU
		{8288D8FD-1EC9-4C93-86D1-C9B9CA71D0EA}.Debug|Any CPU.ActiveCfg = Debug|Any CPU
		{8288D8FD-1EC9-4C93-86D1-C9B9CA71D0EA}.Debug|Any CPU.Build.0 = Debug|Any CPU
		{8288D8FD-1EC9-4C93-86D1-C9B9CA71D0EA}.Debug|x64.ActiveCfg = Debug|Any CPU
		{8288D8FD-1EC9-4C93-86D1-C9B9CA71D0EA}.Debug|x64.Build.0 = Debug|Any CPU
		{8288D8FD-1EC9-4C93-86D1-C9B9CA71D0EA}.Debug|x86.ActiveCfg = Debug|Any CPU
		{8288D8FD-1EC9-4C93-86D1-C9B9CA71D0EA}.Debug|x86.Build.0 = Debug|Any CPU
		{8288D8FD-1EC9-4C93-86D1-C9B9CA71D0EA}.Release|Any CPU.ActiveCfg = Release|Any CPU
		{8288D8FD-1EC9-4C93-86D1-C9B9CA71D0EA}.Release|Any CPU.Build.0 = Release|Any CPU
		{8288D8FD-1EC9-4C93-86D1-C9B9CA71D0EA}.Release|x64.ActiveCfg = Release|Any CPU
		{8288D8FD-1EC9-4C93-86D1-C9B9CA71D0EA}.Release|x64.Build.0 = Release|Any CPU
		{8288D8FD-1EC9-4C93-86D1-C9B9CA71D0EA}.Release|x86.ActiveCfg = Release|Any CPU
		{8288D8FD-1EC9-4C93-86D1-C9B9CA71D0EA}.Release|x86.Build.0 = Release|Any CPU
		{2AC3E90C-A162-4DB6-AF06-7208C5EF1351}.Debug|Any CPU.ActiveCfg = Debug|Any CPU
		{2AC3E90C-A162-4DB6-AF06-7208C5EF1351}.Debug|Any CPU.Build.0 = Debug|Any CPU
		{2AC3E90C-A162-4DB6-AF06-7208C5EF1351}.Debug|x64.ActiveCfg = Debug|Any CPU
		{2AC3E90C-A162-4DB6-AF06-7208C5EF1351}.Debug|x64.Build.0 = Debug|Any CPU
		{2AC3E90C-A162-4DB6-AF06-7208C5EF1351}.Debug|x86.ActiveCfg = Debug|Any CPU
		{2AC3E90C-A162-4DB6-AF06-7208C5EF1351}.Debug|x86.Build.0 = Debug|Any CPU
		{2AC3E90C-A162-4DB6-AF06-7208C5EF1351}.Release|Any CPU.ActiveCfg = Release|Any CPU
		{2AC3E90C-A162-4DB6-AF06-7208C5EF1351}.Release|Any CPU.Build.0 = Release|Any CPU
		{2AC3E90C-A162-4DB6-AF06-7208C5EF1351}.Release|x64.ActiveCfg = Release|Any CPU
		{2AC3E90C-A162-4DB6-AF06-7208C5EF1351}.Release|x64.Build.0 = Release|Any CPU
		{2AC3E90C-A162-4DB6-AF06-7208C5EF1351}.Release|x86.ActiveCfg = Release|Any CPU
		{2AC3E90C-A162-4DB6-AF06-7208C5EF1351}.Release|x86.Build.0 = Release|Any CPU
		{2BBB70BC-C423-4E82-A71E-45E1BE4CE217}.Debug|Any CPU.ActiveCfg = Debug|Any CPU
		{2BBB70BC-C423-4E82-A71E-45E1BE4CE217}.Debug|Any CPU.Build.0 = Debug|Any CPU
		{2BBB70BC-C423-4E82-A71E-45E1BE4CE217}.Debug|x64.ActiveCfg = Debug|Any CPU
		{2BBB70BC-C423-4E82-A71E-45E1BE4CE217}.Debug|x64.Build.0 = Debug|Any CPU
		{2BBB70BC-C423-4E82-A71E-45E1BE4CE217}.Debug|x86.ActiveCfg = Debug|Any CPU
		{2BBB70BC-C423-4E82-A71E-45E1BE4CE217}.Debug|x86.Build.0 = Debug|Any CPU
		{2BBB70BC-C423-4E82-A71E-45E1BE4CE217}.Release|Any CPU.ActiveCfg = Release|Any CPU
		{2BBB70BC-C423-4E82-A71E-45E1BE4CE217}.Release|Any CPU.Build.0 = Release|Any CPU
		{2BBB70BC-C423-4E82-A71E-45E1BE4CE217}.Release|x64.ActiveCfg = Release|Any CPU
		{2BBB70BC-C423-4E82-A71E-45E1BE4CE217}.Release|x64.Build.0 = Release|Any CPU
		{2BBB70BC-C423-4E82-A71E-45E1BE4CE217}.Release|x86.ActiveCfg = Release|Any CPU
		{2BBB70BC-C423-4E82-A71E-45E1BE4CE217}.Release|x86.Build.0 = Release|Any CPU
	EndGlobalSection
	GlobalSection(SolutionProperties) = preSolution
		HideSolutionNode = FALSE
	EndGlobalSection
	GlobalSection(NestedProjects) = preSolution
		{2AC3E90C-A162-4DB6-AF06-7208C5EF1351} = {421CC4A7-0741-4358-B603-DB241529A006}
	EndGlobalSection
	GlobalSection(ExtensibilityGlobals) = postSolution
		SolutionGuid = {4020E595-609A-4588-BAE2-7D4124AA5AFB}
	EndGlobalSection
EndGlobal
