
Microsoft Visual Studio Solution File, Format Version 12.00
# Visual Studio Version 16
VisualStudioVersion = 16.0.30225.117
MinimumVisualStudioVersion = 10.0.40219.1
Project("{9A19103F-16F7-4668-BE54-9A1E7A4F7556}") = "Logic", "Logic\Logic.csproj", "{186379AB-FF44-482D-9160-874B82679E25}"
EndProject
Project("{9A19103F-16F7-4668-BE54-9A1E7A4F7556}") = "Daedalus", "Daedalus\Daedalus.csproj", "{70BB12A4-B9DE-4029-8B1F-E6E34120D9E7}"
EndProject
Project("{9A19103F-16F7-4668-BE54-9A1E7A4F7556}") = "UtilConsole", "UtilConsole\UtilConsole.csproj", "{8288D8FD-1EC9-4C93-86D1-C9B9CA71D0EA}"
EndProject
Project("{2150E333-8FDC-42A3-9474-1A3956D46DE8}") = "Tests", "Tests", "{421CC4A7-0741-4358-B603-DB241529A006}"
EndProject
Project("{9A19103F-16F7-4668-BE54-9A1E7A4F7556}") = "Logic.Tests", "Logic.Tests\Logic.Tests.csproj", "{2AC3E90C-A162-4DB6-AF06-7208C5EF1351}"
EndProject
Project("{9A19103F-16F7-4668-BE54-9A1E7A4F7556}") = "Icarus", "Icarus\Icarus.csproj", "{2BBB70BC-C423-4E82-A71E-45E1BE4CE217}"
EndProject
Project("{9A19103F-16F7-4668-BE54-9A1E7A4F7556}") = "RuleSets", "RuleSets\RuleSets.csproj", "{45DC7238-E693-4FB6-A9E9-D321B55255D9}"
EndProject
Project("{9A19103F-16F7-4668-BE54-9A1E7A4F7556}") = "RuleSets.Tests", "RuleSets.Tests\RuleSets.Tests.csproj", "{9452339B-FB0A-40E3-8A1D-F52B71D1A445}"
EndProject
Project("{2150E333-8FDC-42A3-9474-1A3956D46DE8}") = "Core", "Core", "{7BDCC6EC-DD9A-4524-B9AA-F68D5A68D440}"
EndProject
Project("{9A19103F-16F7-4668-BE54-9A1E7A4F7556}") = "DataStructures", "PriceDataStructures\DataStructures.csproj", "{E6903262-E15D-47E1-B1E4-7F77E8495AF2}"
EndProject
Project("{9A19103F-16F7-4668-BE54-9A1E7A4F7556}") = "DataStructures.Tests", "DataStructures.Tests\DataStructures.Tests.csproj", "{D2036EE4-6007-446A-B068-6114A5E260EF}"
EndProject
Project("{9A19103F-16F7-4668-BE54-9A1E7A4F7556}") = "TestUtils", "TestUtils\TestUtils.csproj", "{D8F9A177-B41D-4168-B808-874E651AE417}"
EndProject
Project("{9A19103F-16F7-4668-BE54-9A1E7A4F7556}") = "Thought", "Thought\Thought.csproj", "{3EA1A497-170A-4129-920B-1A3778DA506F}"
EndProject
Project("{9A19103F-16F7-4668-BE54-9A1E7A4F7556}") = "Thought.Tests", "Thought.Tests\Thought.Tests.csproj", "{861DC4E2-060F-44B2-AFAE-613EA8A94179}"
EndProject
Project("{FAE04EC0-301F-11D3-BF4B-00C04F79EFBC}") = "CommonViews", "CommonViews\CommonViews.csproj", "{2D2DFE95-AC0E-4256-811E-2D8F199C1CD8}"
EndProject
Global
	GlobalSection(SolutionConfigurationPlatforms) = preSolution
		Debug|Any CPU = Debug|Any CPU
		Debug|x64 = Debug|x64
		Debug|x86 = Debug|x86
		Release|Any CPU = Release|Any CPU
		Release|x64 = Release|x64
		Release|x86 = Release|x86
	EndGlobalSection
	GlobalSection(ProjectConfigurationPlatforms) = postSolution
		{186379AB-FF44-482D-9160-874B82679E25}.Debug|Any CPU.ActiveCfg = Debug|Any CPU
		{186379AB-FF44-482D-9160-874B82679E25}.Debug|Any CPU.Build.0 = Debug|Any CPU
		{186379AB-FF44-482D-9160-874B82679E25}.Debug|x64.ActiveCfg = Debug|Any CPU
		{186379AB-FF44-482D-9160-874B82679E25}.Debug|x64.Build.0 = Debug|Any CPU
		{186379AB-FF44-482D-9160-874B82679E25}.Debug|x86.ActiveCfg = Debug|Any CPU
		{186379AB-FF44-482D-9160-874B82679E25}.Debug|x86.Build.0 = Debug|Any CPU
		{186379AB-FF44-482D-9160-874B82679E25}.Release|Any CPU.ActiveCfg = Release|Any CPU
		{186379AB-FF44-482D-9160-874B82679E25}.Release|Any CPU.Build.0 = Release|Any CPU
		{186379AB-FF44-482D-9160-874B82679E25}.Release|x64.ActiveCfg = Release|Any CPU
		{186379AB-FF44-482D-9160-874B82679E25}.Release|x64.Build.0 = Release|Any CPU
		{186379AB-FF44-482D-9160-874B82679E25}.Release|x86.ActiveCfg = Release|Any CPU
		{186379AB-FF44-482D-9160-874B82679E25}.Release|x86.Build.0 = Release|Any CPU
		{70BB12A4-B9DE-4029-8B1F-E6E34120D9E7}.Debug|Any CPU.ActiveCfg = Debug|Any CPU
		{70BB12A4-B9DE-4029-8B1F-E6E34120D9E7}.Debug|Any CPU.Build.0 = Debug|Any CPU
		{70BB12A4-B9DE-4029-8B1F-E6E34120D9E7}.Debug|x64.ActiveCfg = Debug|Any CPU
		{70BB12A4-B9DE-4029-8B1F-E6E34120D9E7}.Debug|x64.Build.0 = Debug|Any CPU
		{70BB12A4-B9DE-4029-8B1F-E6E34120D9E7}.Debug|x86.ActiveCfg = Debug|Any CPU
		{70BB12A4-B9DE-4029-8B1F-E6E34120D9E7}.Debug|x86.Build.0 = Debug|Any CPU
		{70BB12A4-B9DE-4029-8B1F-E6E34120D9E7}.Release|Any CPU.ActiveCfg = Release|Any CPU
		{70BB12A4-B9DE-4029-8B1F-E6E34120D9E7}.Release|Any CPU.Build.0 = Release|Any CPU
		{70BB12A4-B9DE-4029-8B1F-E6E34120D9E7}.Release|x64.ActiveCfg = Release|Any CPU
		{70BB12A4-B9DE-4029-8B1F-E6E34120D9E7}.Release|x64.Build.0 = Release|Any CPU
		{70BB12A4-B9DE-4029-8B1F-E6E34120D9E7}.Release|x86.ActiveCfg = Release|Any CPU
		{70BB12A4-B9DE-4029-8B1F-E6E34120D9E7}.Release|x86.Build.0 = Release|Any CPU
		{8288D8FD-1EC9-4C93-86D1-C9B9CA71D0EA}.Debug|Any CPU.ActiveCfg = Debug|Any CPU
		{8288D8FD-1EC9-4C93-86D1-C9B9CA71D0EA}.Debug|Any CPU.Build.0 = Debug|Any CPU
		{8288D8FD-1EC9-4C93-86D1-C9B9CA71D0EA}.Debug|x64.ActiveCfg = Debug|Any CPU
		{8288D8FD-1EC9-4C93-86D1-C9B9CA71D0EA}.Debug|x64.Build.0 = Debug|Any CPU
		{8288D8FD-1EC9-4C93-86D1-C9B9CA71D0EA}.Debug|x86.ActiveCfg = Debug|Any CPU
		{8288D8FD-1EC9-4C93-86D1-C9B9CA71D0EA}.Debug|x86.Build.0 = Debug|Any CPU
		{8288D8FD-1EC9-4C93-86D1-C9B9CA71D0EA}.Release|Any CPU.ActiveCfg = Release|Any CPU
		{8288D8FD-1EC9-4C93-86D1-C9B9CA71D0EA}.Release|Any CPU.Build.0 = Release|Any CPU
		{8288D8FD-1EC9-4C93-86D1-C9B9CA71D0EA}.Release|x64.ActiveCfg = Release|Any CPU
		{8288D8FD-1EC9-4C93-86D1-C9B9CA71D0EA}.Release|x64.Build.0 = Release|Any CPU
		{8288D8FD-1EC9-4C93-86D1-C9B9CA71D0EA}.Release|x86.ActiveCfg = Release|Any CPU
		{8288D8FD-1EC9-4C93-86D1-C9B9CA71D0EA}.Release|x86.Build.0 = Release|Any CPU
		{2AC3E90C-A162-4DB6-AF06-7208C5EF1351}.Debug|Any CPU.ActiveCfg = Debug|Any CPU
		{2AC3E90C-A162-4DB6-AF06-7208C5EF1351}.Debug|Any CPU.Build.0 = Debug|Any CPU
		{2AC3E90C-A162-4DB6-AF06-7208C5EF1351}.Debug|x64.ActiveCfg = Debug|Any CPU
		{2AC3E90C-A162-4DB6-AF06-7208C5EF1351}.Debug|x64.Build.0 = Debug|Any CPU
		{2AC3E90C-A162-4DB6-AF06-7208C5EF1351}.Debug|x86.ActiveCfg = Debug|Any CPU
		{2AC3E90C-A162-4DB6-AF06-7208C5EF1351}.Debug|x86.Build.0 = Debug|Any CPU
		{2AC3E90C-A162-4DB6-AF06-7208C5EF1351}.Release|Any CPU.ActiveCfg = Release|Any CPU
		{2AC3E90C-A162-4DB6-AF06-7208C5EF1351}.Release|Any CPU.Build.0 = Release|Any CPU
		{2AC3E90C-A162-4DB6-AF06-7208C5EF1351}.Release|x64.ActiveCfg = Release|Any CPU
		{2AC3E90C-A162-4DB6-AF06-7208C5EF1351}.Release|x64.Build.0 = Release|Any CPU
		{2AC3E90C-A162-4DB6-AF06-7208C5EF1351}.Release|x86.ActiveCfg = Release|Any CPU
		{2AC3E90C-A162-4DB6-AF06-7208C5EF1351}.Release|x86.Build.0 = Release|Any CPU
		{2BBB70BC-C423-4E82-A71E-45E1BE4CE217}.Debug|Any CPU.ActiveCfg = Debug|Any CPU
		{2BBB70BC-C423-4E82-A71E-45E1BE4CE217}.Debug|Any CPU.Build.0 = Debug|Any CPU
		{2BBB70BC-C423-4E82-A71E-45E1BE4CE217}.Debug|x64.ActiveCfg = Debug|Any CPU
		{2BBB70BC-C423-4E82-A71E-45E1BE4CE217}.Debug|x64.Build.0 = Debug|Any CPU
		{2BBB70BC-C423-4E82-A71E-45E1BE4CE217}.Debug|x86.ActiveCfg = Debug|Any CPU
		{2BBB70BC-C423-4E82-A71E-45E1BE4CE217}.Debug|x86.Build.0 = Debug|Any CPU
		{2BBB70BC-C423-4E82-A71E-45E1BE4CE217}.Release|Any CPU.ActiveCfg = Release|Any CPU
		{2BBB70BC-C423-4E82-A71E-45E1BE4CE217}.Release|Any CPU.Build.0 = Release|Any CPU
		{2BBB70BC-C423-4E82-A71E-45E1BE4CE217}.Release|x64.ActiveCfg = Release|Any CPU
		{2BBB70BC-C423-4E82-A71E-45E1BE4CE217}.Release|x64.Build.0 = Release|Any CPU
		{2BBB70BC-C423-4E82-A71E-45E1BE4CE217}.Release|x86.ActiveCfg = Release|Any CPU
		{2BBB70BC-C423-4E82-A71E-45E1BE4CE217}.Release|x86.Build.0 = Release|Any CPU
		{45DC7238-E693-4FB6-A9E9-D321B55255D9}.Debug|Any CPU.ActiveCfg = Debug|Any CPU
		{45DC7238-E693-4FB6-A9E9-D321B55255D9}.Debug|Any CPU.Build.0 = Debug|Any CPU
		{45DC7238-E693-4FB6-A9E9-D321B55255D9}.Debug|x64.ActiveCfg = Debug|Any CPU
		{45DC7238-E693-4FB6-A9E9-D321B55255D9}.Debug|x64.Build.0 = Debug|Any CPU
		{45DC7238-E693-4FB6-A9E9-D321B55255D9}.Debug|x86.ActiveCfg = Debug|Any CPU
		{45DC7238-E693-4FB6-A9E9-D321B55255D9}.Debug|x86.Build.0 = Debug|Any CPU
		{45DC7238-E693-4FB6-A9E9-D321B55255D9}.Release|Any CPU.ActiveCfg = Release|Any CPU
		{45DC7238-E693-4FB6-A9E9-D321B55255D9}.Release|Any CPU.Build.0 = Release|Any CPU
		{45DC7238-E693-4FB6-A9E9-D321B55255D9}.Release|x64.ActiveCfg = Release|Any CPU
		{45DC7238-E693-4FB6-A9E9-D321B55255D9}.Release|x64.Build.0 = Release|Any CPU
		{45DC7238-E693-4FB6-A9E9-D321B55255D9}.Release|x86.ActiveCfg = Release|Any CPU
		{45DC7238-E693-4FB6-A9E9-D321B55255D9}.Release|x86.Build.0 = Release|Any CPU
		{9452339B-FB0A-40E3-8A1D-F52B71D1A445}.Debug|Any CPU.ActiveCfg = Debug|Any CPU
		{9452339B-FB0A-40E3-8A1D-F52B71D1A445}.Debug|Any CPU.Build.0 = Debug|Any CPU
		{9452339B-FB0A-40E3-8A1D-F52B71D1A445}.Debug|x64.ActiveCfg = Debug|Any CPU
		{9452339B-FB0A-40E3-8A1D-F52B71D1A445}.Debug|x64.Build.0 = Debug|Any CPU
		{9452339B-FB0A-40E3-8A1D-F52B71D1A445}.Debug|x86.ActiveCfg = Debug|Any CPU
		{9452339B-FB0A-40E3-8A1D-F52B71D1A445}.Debug|x86.Build.0 = Debug|Any CPU
		{9452339B-FB0A-40E3-8A1D-F52B71D1A445}.Release|Any CPU.ActiveCfg = Release|Any CPU
		{9452339B-FB0A-40E3-8A1D-F52B71D1A445}.Release|Any CPU.Build.0 = Release|Any CPU
		{9452339B-FB0A-40E3-8A1D-F52B71D1A445}.Release|x64.ActiveCfg = Release|Any CPU
		{9452339B-FB0A-40E3-8A1D-F52B71D1A445}.Release|x64.Build.0 = Release|Any CPU
		{9452339B-FB0A-40E3-8A1D-F52B71D1A445}.Release|x86.ActiveCfg = Release|Any CPU
		{9452339B-FB0A-40E3-8A1D-F52B71D1A445}.Release|x86.Build.0 = Release|Any CPU
		{E6903262-E15D-47E1-B1E4-7F77E8495AF2}.Debug|Any CPU.ActiveCfg = Debug|Any CPU
		{E6903262-E15D-47E1-B1E4-7F77E8495AF2}.Debug|Any CPU.Build.0 = Debug|Any CPU
		{E6903262-E15D-47E1-B1E4-7F77E8495AF2}.Debug|x64.ActiveCfg = Debug|Any CPU
		{E6903262-E15D-47E1-B1E4-7F77E8495AF2}.Debug|x64.Build.0 = Debug|Any CPU
		{E6903262-E15D-47E1-B1E4-7F77E8495AF2}.Debug|x86.ActiveCfg = Debug|Any CPU
		{E6903262-E15D-47E1-B1E4-7F77E8495AF2}.Debug|x86.Build.0 = Debug|Any CPU
		{E6903262-E15D-47E1-B1E4-7F77E8495AF2}.Release|Any CPU.ActiveCfg = Release|Any CPU
		{E6903262-E15D-47E1-B1E4-7F77E8495AF2}.Release|Any CPU.Build.0 = Release|Any CPU
		{E6903262-E15D-47E1-B1E4-7F77E8495AF2}.Release|x64.ActiveCfg = Release|Any CPU
		{E6903262-E15D-47E1-B1E4-7F77E8495AF2}.Release|x64.Build.0 = Release|Any CPU
		{E6903262-E15D-47E1-B1E4-7F77E8495AF2}.Release|x86.ActiveCfg = Release|Any CPU
		{E6903262-E15D-47E1-B1E4-7F77E8495AF2}.Release|x86.Build.0 = Release|Any CPU
		{D2036EE4-6007-446A-B068-6114A5E260EF}.Debug|Any CPU.ActiveCfg = Debug|Any CPU
		{D2036EE4-6007-446A-B068-6114A5E260EF}.Debug|Any CPU.Build.0 = Debug|Any CPU
		{D2036EE4-6007-446A-B068-6114A5E260EF}.Debug|x64.ActiveCfg = Debug|Any CPU
		{D2036EE4-6007-446A-B068-6114A5E260EF}.Debug|x64.Build.0 = Debug|Any CPU
		{D2036EE4-6007-446A-B068-6114A5E260EF}.Debug|x86.ActiveCfg = Debug|Any CPU
		{D2036EE4-6007-446A-B068-6114A5E260EF}.Debug|x86.Build.0 = Debug|Any CPU
		{D2036EE4-6007-446A-B068-6114A5E260EF}.Release|Any CPU.ActiveCfg = Release|Any CPU
		{D2036EE4-6007-446A-B068-6114A5E260EF}.Release|Any CPU.Build.0 = Release|Any CPU
		{D2036EE4-6007-446A-B068-6114A5E260EF}.Release|x64.ActiveCfg = Release|Any CPU
		{D2036EE4-6007-446A-B068-6114A5E260EF}.Release|x64.Build.0 = Release|Any CPU
		{D2036EE4-6007-446A-B068-6114A5E260EF}.Release|x86.ActiveCfg = Release|Any CPU
		{D2036EE4-6007-446A-B068-6114A5E260EF}.Release|x86.Build.0 = Release|Any CPU
		{D8F9A177-B41D-4168-B808-874E651AE417}.Debug|Any CPU.ActiveCfg = Debug|Any CPU
		{D8F9A177-B41D-4168-B808-874E651AE417}.Debug|Any CPU.Build.0 = Debug|Any CPU
		{D8F9A177-B41D-4168-B808-874E651AE417}.Debug|x64.ActiveCfg = Debug|Any CPU
		{D8F9A177-B41D-4168-B808-874E651AE417}.Debug|x64.Build.0 = Debug|Any CPU
		{D8F9A177-B41D-4168-B808-874E651AE417}.Debug|x86.ActiveCfg = Debug|Any CPU
		{D8F9A177-B41D-4168-B808-874E651AE417}.Debug|x86.Build.0 = Debug|Any CPU
		{D8F9A177-B41D-4168-B808-874E651AE417}.Release|Any CPU.ActiveCfg = Release|Any CPU
		{D8F9A177-B41D-4168-B808-874E651AE417}.Release|Any CPU.Build.0 = Release|Any CPU
		{D8F9A177-B41D-4168-B808-874E651AE417}.Release|x64.ActiveCfg = Release|Any CPU
		{D8F9A177-B41D-4168-B808-874E651AE417}.Release|x64.Build.0 = Release|Any CPU
		{D8F9A177-B41D-4168-B808-874E651AE417}.Release|x86.ActiveCfg = Release|Any CPU
		{D8F9A177-B41D-4168-B808-874E651AE417}.Release|x86.Build.0 = Release|Any CPU
		{3EA1A497-170A-4129-920B-1A3778DA506F}.Debug|Any CPU.ActiveCfg = Debug|Any CPU
		{3EA1A497-170A-4129-920B-1A3778DA506F}.Debug|Any CPU.Build.0 = Debug|Any CPU
		{3EA1A497-170A-4129-920B-1A3778DA506F}.Debug|x64.ActiveCfg = Debug|Any CPU
		{3EA1A497-170A-4129-920B-1A3778DA506F}.Debug|x64.Build.0 = Debug|Any CPU
		{3EA1A497-170A-4129-920B-1A3778DA506F}.Debug|x86.ActiveCfg = Debug|Any CPU
		{3EA1A497-170A-4129-920B-1A3778DA506F}.Debug|x86.Build.0 = Debug|Any CPU
		{3EA1A497-170A-4129-920B-1A3778DA506F}.Release|Any CPU.ActiveCfg = Release|Any CPU
		{3EA1A497-170A-4129-920B-1A3778DA506F}.Release|Any CPU.Build.0 = Release|Any CPU
		{3EA1A497-170A-4129-920B-1A3778DA506F}.Release|x64.ActiveCfg = Release|Any CPU
		{3EA1A497-170A-4129-920B-1A3778DA506F}.Release|x64.Build.0 = Release|Any CPU
		{3EA1A497-170A-4129-920B-1A3778DA506F}.Release|x86.ActiveCfg = Release|Any CPU
		{3EA1A497-170A-4129-920B-1A3778DA506F}.Release|x86.Build.0 = Release|Any CPU
		{861DC4E2-060F-44B2-AFAE-613EA8A94179}.Debug|Any CPU.ActiveCfg = Debug|Any CPU
		{861DC4E2-060F-44B2-AFAE-613EA8A94179}.Debug|Any CPU.Build.0 = Debug|Any CPU
		{861DC4E2-060F-44B2-AFAE-613EA8A94179}.Debug|x64.ActiveCfg = Debug|Any CPU
		{861DC4E2-060F-44B2-AFAE-613EA8A94179}.Debug|x64.Build.0 = Debug|Any CPU
		{861DC4E2-060F-44B2-AFAE-613EA8A94179}.Debug|x86.ActiveCfg = Debug|Any CPU
		{861DC4E2-060F-44B2-AFAE-613EA8A94179}.Debug|x86.Build.0 = Debug|Any CPU
		{861DC4E2-060F-44B2-AFAE-613EA8A94179}.Release|Any CPU.ActiveCfg = Release|Any CPU
		{861DC4E2-060F-44B2-AFAE-613EA8A94179}.Release|Any CPU.Build.0 = Release|Any CPU
		{861DC4E2-060F-44B2-AFAE-613EA8A94179}.Release|x64.ActiveCfg = Release|Any CPU
		{861DC4E2-060F-44B2-AFAE-613EA8A94179}.Release|x64.Build.0 = Release|Any CPU
		{861DC4E2-060F-44B2-AFAE-613EA8A94179}.Release|x86.ActiveCfg = Release|Any CPU
		{861DC4E2-060F-44B2-AFAE-613EA8A94179}.Release|x86.Build.0 = Release|Any CPU
		{2D2DFE95-AC0E-4256-811E-2D8F199C1CD8}.Debug|Any CPU.ActiveCfg = Debug|Any CPU
		{2D2DFE95-AC0E-4256-811E-2D8F199C1CD8}.Debug|Any CPU.Build.0 = Debug|Any CPU
		{2D2DFE95-AC0E-4256-811E-2D8F199C1CD8}.Debug|x64.ActiveCfg = Debug|Any CPU
		{2D2DFE95-AC0E-4256-811E-2D8F199C1CD8}.Debug|x64.Build.0 = Debug|Any CPU
		{2D2DFE95-AC0E-4256-811E-2D8F199C1CD8}.Debug|x86.ActiveCfg = Debug|Any CPU
		{2D2DFE95-AC0E-4256-811E-2D8F199C1CD8}.Debug|x86.Build.0 = Debug|Any CPU
		{2D2DFE95-AC0E-4256-811E-2D8F199C1CD8}.Release|Any CPU.ActiveCfg = Release|Any CPU
		{2D2DFE95-AC0E-4256-811E-2D8F199C1CD8}.Release|Any CPU.Build.0 = Release|Any CPU
		{2D2DFE95-AC0E-4256-811E-2D8F199C1CD8}.Release|x64.ActiveCfg = Release|Any CPU
		{2D2DFE95-AC0E-4256-811E-2D8F199C1CD8}.Release|x64.Build.0 = Release|Any CPU
		{2D2DFE95-AC0E-4256-811E-2D8F199C1CD8}.Release|x86.ActiveCfg = Release|Any CPU
		{2D2DFE95-AC0E-4256-811E-2D8F199C1CD8}.Release|x86.Build.0 = Release|Any CPU
	EndGlobalSection
	GlobalSection(SolutionProperties) = preSolution
		HideSolutionNode = FALSE
	EndGlobalSection
	GlobalSection(NestedProjects) = preSolution
		{186379AB-FF44-482D-9160-874B82679E25} = {7BDCC6EC-DD9A-4524-B9AA-F68D5A68D440}
		{8288D8FD-1EC9-4C93-86D1-C9B9CA71D0EA} = {7BDCC6EC-DD9A-4524-B9AA-F68D5A68D440}
		{2AC3E90C-A162-4DB6-AF06-7208C5EF1351} = {421CC4A7-0741-4358-B603-DB241529A006}
		{45DC7238-E693-4FB6-A9E9-D321B55255D9} = {7BDCC6EC-DD9A-4524-B9AA-F68D5A68D440}
		{9452339B-FB0A-40E3-8A1D-F52B71D1A445} = {421CC4A7-0741-4358-B603-DB241529A006}
		{E6903262-E15D-47E1-B1E4-7F77E8495AF2} = {7BDCC6EC-DD9A-4524-B9AA-F68D5A68D440}
		{D2036EE4-6007-446A-B068-6114A5E260EF} = {421CC4A7-0741-4358-B603-DB241529A006}
		{D8F9A177-B41D-4168-B808-874E651AE417} = {421CC4A7-0741-4358-B603-DB241529A006}
		{3EA1A497-170A-4129-920B-1A3778DA506F} = {7BDCC6EC-DD9A-4524-B9AA-F68D5A68D440}
		{861DC4E2-060F-44B2-AFAE-613EA8A94179} = {421CC4A7-0741-4358-B603-DB241529A006}
	EndGlobalSection
	GlobalSection(ExtensibilityGlobals) = postSolution
		SolutionGuid = {4020E595-609A-4588-BAE2-7D4124AA5AFB}
	EndGlobalSection
EndGlobal
